
Microsoft Visual Studio Solution File, Format Version 12.00
# Visual Studio 14
VisualStudioVersion = 14.0.25420.1
MinimumVisualStudioVersion = 10.0.40219.1
Project("{2150E333-8FDC-42A3-9474-1A3956D46DE8}") = "Engine", "Engine", "{A516B748-4C64-4311-8CC8-26503C4622FA}"
EndProject
Project("{2150E333-8FDC-42A3-9474-1A3956D46DE8}") = "Games", "Games", "{EE264B71-7088-4825-B0DA-656C1337EC88}"
EndProject
Project("{8BC9CEB8-8B4A-11D0-8D11-00A0C91BC942}") = "UE4", "Intermediate\ProjectFiles\UE4.vcxproj", "{A90CE35C-0680-4DF8-B46F-66B8B9A2E7F5}"
EndProject
Project("{8BC9CEB8-8B4A-11D0-8D11-00A0C91BC942}") = "BuildingEscape", "Intermediate\ProjectFiles\BuildingEscape.vcxproj", "{69AC2181-9B58-4722-9ED1-1437C4DA2D97}"
EndProject
Global
	GlobalSection(SolutionConfigurationPlatforms) = preSolution
		DebugGame Editor|HTML5 = DebugGame Editor|HTML5
		DebugGame Editor|Win32 = DebugGame Editor|Win32
		DebugGame Editor|Win64 = DebugGame Editor|Win64
		DebugGame|HTML5 = DebugGame|HTML5
		DebugGame|Win32 = DebugGame|Win32
		DebugGame|Win64 = DebugGame|Win64
		Development Editor|HTML5 = Development Editor|HTML5
		Development Editor|Win32 = Development Editor|Win32
		Development Editor|Win64 = Development Editor|Win64
		Development|HTML5 = Development|HTML5
		Development|Win32 = Development|Win32
		Development|Win64 = Development|Win64
		Shipping|HTML5 = Shipping|HTML5
		Shipping|Win32 = Shipping|Win32
		Shipping|Win64 = Shipping|Win64
	EndGlobalSection
	GlobalSection(ProjectConfigurationPlatforms) = postSolution
		{A90CE35C-0680-4DF8-B46F-66B8B9A2E7F5}.DebugGame Editor|HTML5.ActiveCfg = BuiltWithUnrealBuildTool|Win32
		{A90CE35C-0680-4DF8-B46F-66B8B9A2E7F5}.DebugGame Editor|HTML5.Build.0 = BuiltWithUnrealBuildTool|Win32
		{A90CE35C-0680-4DF8-B46F-66B8B9A2E7F5}.DebugGame Editor|Win32.ActiveCfg = BuiltWithUnrealBuildTool|Win32
		{A90CE35C-0680-4DF8-B46F-66B8B9A2E7F5}.DebugGame Editor|Win32.Build.0 = BuiltWithUnrealBuildTool|Win32
		{A90CE35C-0680-4DF8-B46F-66B8B9A2E7F5}.DebugGame Editor|Win64.ActiveCfg = BuiltWithUnrealBuildTool|Win32
		{A90CE35C-0680-4DF8-B46F-66B8B9A2E7F5}.DebugGame Editor|Win64.Build.0 = BuiltWithUnrealBuildTool|Win32
		{A90CE35C-0680-4DF8-B46F-66B8B9A2E7F5}.DebugGame|HTML5.ActiveCfg = BuiltWithUnrealBuildTool|Win32
		{A90CE35C-0680-4DF8-B46F-66B8B9A2E7F5}.DebugGame|HTML5.Build.0 = BuiltWithUnrealBuildTool|Win32
		{A90CE35C-0680-4DF8-B46F-66B8B9A2E7F5}.DebugGame|Win32.ActiveCfg = BuiltWithUnrealBuildTool|Win32
		{A90CE35C-0680-4DF8-B46F-66B8B9A2E7F5}.DebugGame|Win32.Build.0 = BuiltWithUnrealBuildTool|Win32
		{A90CE35C-0680-4DF8-B46F-66B8B9A2E7F5}.DebugGame|Win64.ActiveCfg = BuiltWithUnrealBuildTool|Win32
		{A90CE35C-0680-4DF8-B46F-66B8B9A2E7F5}.DebugGame|Win64.Build.0 = BuiltWithUnrealBuildTool|Win32
		{A90CE35C-0680-4DF8-B46F-66B8B9A2E7F5}.Development Editor|HTML5.ActiveCfg = BuiltWithUnrealBuildTool|Win32
		{A90CE35C-0680-4DF8-B46F-66B8B9A2E7F5}.Development Editor|HTML5.Build.0 = BuiltWithUnrealBuildTool|Win32
		{A90CE35C-0680-4DF8-B46F-66B8B9A2E7F5}.Development Editor|Win32.ActiveCfg = BuiltWithUnrealBuildTool|Win32
		{A90CE35C-0680-4DF8-B46F-66B8B9A2E7F5}.Development Editor|Win32.Build.0 = BuiltWithUnrealBuildTool|Win32
		{A90CE35C-0680-4DF8-B46F-66B8B9A2E7F5}.Development Editor|Win64.ActiveCfg = BuiltWithUnrealBuildTool|Win32
		{A90CE35C-0680-4DF8-B46F-66B8B9A2E7F5}.Development Editor|Win64.Build.0 = BuiltWithUnrealBuildTool|Win32
		{A90CE35C-0680-4DF8-B46F-66B8B9A2E7F5}.Development|HTML5.ActiveCfg = BuiltWithUnrealBuildTool|Win32
		{A90CE35C-0680-4DF8-B46F-66B8B9A2E7F5}.Development|HTML5.Build.0 = BuiltWithUnrealBuildTool|Win32
		{A90CE35C-0680-4DF8-B46F-66B8B9A2E7F5}.Development|Win32.ActiveCfg = BuiltWithUnrealBuildTool|Win32
		{A90CE35C-0680-4DF8-B46F-66B8B9A2E7F5}.Development|Win32.Build.0 = BuiltWithUnrealBuildTool|Win32
		{A90CE35C-0680-4DF8-B46F-66B8B9A2E7F5}.Development|Win64.ActiveCfg = BuiltWithUnrealBuildTool|Win32
		{A90CE35C-0680-4DF8-B46F-66B8B9A2E7F5}.Development|Win64.Build.0 = BuiltWithUnrealBuildTool|Win32
		{A90CE35C-0680-4DF8-B46F-66B8B9A2E7F5}.Shipping|HTML5.ActiveCfg = BuiltWithUnrealBuildTool|Win32
		{A90CE35C-0680-4DF8-B46F-66B8B9A2E7F5}.Shipping|HTML5.Build.0 = BuiltWithUnrealBuildTool|Win32
		{A90CE35C-0680-4DF8-B46F-66B8B9A2E7F5}.Shipping|Win32.ActiveCfg = BuiltWithUnrealBuildTool|Win32
		{A90CE35C-0680-4DF8-B46F-66B8B9A2E7F5}.Shipping|Win32.Build.0 = BuiltWithUnrealBuildTool|Win32
		{A90CE35C-0680-4DF8-B46F-66B8B9A2E7F5}.Shipping|Win64.ActiveCfg = BuiltWithUnrealBuildTool|Win32
		{A90CE35C-0680-4DF8-B46F-66B8B9A2E7F5}.Shipping|Win64.Build.0 = BuiltWithUnrealBuildTool|Win32
		{69AC2181-9B58-4722-9ED1-1437C4DA2D97}.DebugGame Editor|HTML5.ActiveCfg = HTML5_DebugGame_Editor|Win32
		{69AC2181-9B58-4722-9ED1-1437C4DA2D97}.DebugGame Editor|Win32.ActiveCfg = DebugGame_Editor|Win32
		{69AC2181-9B58-4722-9ED1-1437C4DA2D97}.DebugGame Editor|Win64.ActiveCfg = DebugGame_Editor|x64
		{69AC2181-9B58-4722-9ED1-1437C4DA2D97}.DebugGame Editor|Win64.Build.0 = DebugGame_Editor|x64
		{69AC2181-9B58-4722-9ED1-1437C4DA2D97}.DebugGame|HTML5.ActiveCfg = HTML5_DebugGame_Game|Win32
		{69AC2181-9B58-4722-9ED1-1437C4DA2D97}.DebugGame|HTML5.Build.0 = HTML5_DebugGame_Game|Win32
		{69AC2181-9B58-4722-9ED1-1437C4DA2D97}.DebugGame|Win32.ActiveCfg = DebugGame_Game|Win32
		{69AC2181-9B58-4722-9ED1-1437C4DA2D97}.DebugGame|Win32.Build.0 = DebugGame_Game|Win32
		{69AC2181-9B58-4722-9ED1-1437C4DA2D97}.DebugGame|Win64.ActiveCfg = DebugGame_Game|x64
		{69AC2181-9B58-4722-9ED1-1437C4DA2D97}.DebugGame|Win64.Build.0 = DebugGame_Game|x64
		{69AC2181-9B58-4722-9ED1-1437C4DA2D97}.Development Editor|HTML5.ActiveCfg = HTML5_Development_Editor|Win32
		{69AC2181-9B58-4722-9ED1-1437C4DA2D97}.Development Editor|Win32.ActiveCfg = Development_Editor|Win32
		{69AC2181-9B58-4722-9ED1-1437C4DA2D97}.Development Editor|Win64.ActiveCfg = Development_Editor|x64
		{69AC2181-9B58-4722-9ED1-1437C4DA2D97}.Development Editor|Win64.Build.0 = Development_Editor|x64
		{69AC2181-9B58-4722-9ED1-1437C4DA2D97}.Development|HTML5.ActiveCfg = HTML5_Development_Game|Win32
		{69AC2181-9B58-4722-9ED1-1437C4DA2D97}.Development|HTML5.Build.0 = HTML5_Development_Game|Win32
		{69AC2181-9B58-4722-9ED1-1437C4DA2D97}.Development|Win32.ActiveCfg = Development_Game|Win32
		{69AC2181-9B58-4722-9ED1-1437C4DA2D97}.Development|Win32.Build.0 = Development_Game|Win32
		{69AC2181-9B58-4722-9ED1-1437C4DA2D97}.Development|Win64.ActiveCfg = Development_Game|x64
		{69AC2181-9B58-4722-9ED1-1437C4DA2D97}.Development|Win64.Build.0 = Development_Game|x64
		{69AC2181-9B58-4722-9ED1-1437C4DA2D97}.Shipping|HTML5.ActiveCfg = HTML5_Shipping_Game|Win32
		{69AC2181-9B58-4722-9ED1-1437C4DA2D97}.Shipping|HTML5.Build.0 = HTML5_Shipping_Game|Win32
		{69AC2181-9B58-4722-9ED1-1437C4DA2D97}.Shipping|Win32.ActiveCfg = Shipping_Game|Win32
		{69AC2181-9B58-4722-9ED1-1437C4DA2D97}.Shipping|Win32.Build.0 = Shipping_Game|Win32
		{69AC2181-9B58-4722-9ED1-1437C4DA2D97}.Shipping|Win64.ActiveCfg = Shipping_Game|x64
		{69AC2181-9B58-4722-9ED1-1437C4DA2D97}.Shipping|Win64.Build.0 = Shipping_Game|x64
	EndGlobalSection
	GlobalSection(SolutionProperties) = preSolution
		HideSolutionNode = FALSE
	EndGlobalSection
	GlobalSection(NestedProjects) = preSolution
		{A90CE35C-0680-4DF8-B46F-66B8B9A2E7F5} = {A516B748-4C64-4311-8CC8-26503C4622FA}
		{69AC2181-9B58-4722-9ED1-1437C4DA2D97} = {EE264B71-7088-4825-B0DA-656C1337EC88}
	EndGlobalSection
EndGlobal
