
Microsoft Visual Studio Solution File, Format Version 12.00
# Visual Studio 14
VisualStudioVersion = 14.0.25420.1
MinimumVisualStudioVersion = 10.0.40219.1
Project("{2150E333-8FDC-42A3-9474-1A3956D46DE8}") = "Engine", "Engine", "{B05D6BA0-2034-4BB5-A33C-34FCB864546B}"
EndProject
Project("{2150E333-8FDC-42A3-9474-1A3956D46DE8}") = "Games", "Games", "{579B568B-C545-4F5A-BB1B-BD0A5CC35DF0}"
EndProject
Project("{8BC9CEB8-8B4A-11D0-8D11-00A0C91BC942}") = "UE4", "Intermediate\ProjectFiles\UE4.vcxproj", "{39D7032C-D944-4514-AC8C-5D24AC8957CA}"
EndProject
Project("{8BC9CEB8-8B4A-11D0-8D11-00A0C91BC942}") = "BuildingEscape", "Intermediate\ProjectFiles\BuildingEscape.vcxproj", "{20E58390-0DB2-4320-B601-B11F3417E868}"
EndProject
Global
	GlobalSection(SolutionConfigurationPlatforms) = preSolution
		DebugGame Editor|HTML5 = DebugGame Editor|HTML5
		DebugGame Editor|Win32 = DebugGame Editor|Win32
		DebugGame Editor|Win64 = DebugGame Editor|Win64
		DebugGame|HTML5 = DebugGame|HTML5
		DebugGame|Win32 = DebugGame|Win32
		DebugGame|Win64 = DebugGame|Win64
		Development Editor|HTML5 = Development Editor|HTML5
		Development Editor|Win32 = Development Editor|Win32
		Development Editor|Win64 = Development Editor|Win64
		Development|HTML5 = Development|HTML5
		Development|Win32 = Development|Win32
		Development|Win64 = Development|Win64
		Shipping|HTML5 = Shipping|HTML5
		Shipping|Win32 = Shipping|Win32
		Shipping|Win64 = Shipping|Win64
	EndGlobalSection
	GlobalSection(ProjectConfigurationPlatforms) = postSolution
		{39D7032C-D944-4514-AC8C-5D24AC8957CA}.DebugGame Editor|HTML5.ActiveCfg = BuiltWithUnrealBuildTool|Win32
		{39D7032C-D944-4514-AC8C-5D24AC8957CA}.DebugGame Editor|HTML5.Build.0 = BuiltWithUnrealBuildTool|Win32
		{39D7032C-D944-4514-AC8C-5D24AC8957CA}.DebugGame Editor|Win32.ActiveCfg = BuiltWithUnrealBuildTool|Win32
		{39D7032C-D944-4514-AC8C-5D24AC8957CA}.DebugGame Editor|Win32.Build.0 = BuiltWithUnrealBuildTool|Win32
		{39D7032C-D944-4514-AC8C-5D24AC8957CA}.DebugGame Editor|Win64.ActiveCfg = BuiltWithUnrealBuildTool|Win32
		{39D7032C-D944-4514-AC8C-5D24AC8957CA}.DebugGame Editor|Win64.Build.0 = BuiltWithUnrealBuildTool|Win32
		{39D7032C-D944-4514-AC8C-5D24AC8957CA}.DebugGame|HTML5.ActiveCfg = BuiltWithUnrealBuildTool|Win32
		{39D7032C-D944-4514-AC8C-5D24AC8957CA}.DebugGame|HTML5.Build.0 = BuiltWithUnrealBuildTool|Win32
		{39D7032C-D944-4514-AC8C-5D24AC8957CA}.DebugGame|Win32.ActiveCfg = BuiltWithUnrealBuildTool|Win32
		{39D7032C-D944-4514-AC8C-5D24AC8957CA}.DebugGame|Win32.Build.0 = BuiltWithUnrealBuildTool|Win32
		{39D7032C-D944-4514-AC8C-5D24AC8957CA}.DebugGame|Win64.ActiveCfg = BuiltWithUnrealBuildTool|Win32
		{39D7032C-D944-4514-AC8C-5D24AC8957CA}.DebugGame|Win64.Build.0 = BuiltWithUnrealBuildTool|Win32
		{39D7032C-D944-4514-AC8C-5D24AC8957CA}.Development Editor|HTML5.ActiveCfg = BuiltWithUnrealBuildTool|Win32
		{39D7032C-D944-4514-AC8C-5D24AC8957CA}.Development Editor|HTML5.Build.0 = BuiltWithUnrealBuildTool|Win32
		{39D7032C-D944-4514-AC8C-5D24AC8957CA}.Development Editor|Win32.ActiveCfg = BuiltWithUnrealBuildTool|Win32
		{39D7032C-D944-4514-AC8C-5D24AC8957CA}.Development Editor|Win32.Build.0 = BuiltWithUnrealBuildTool|Win32
		{39D7032C-D944-4514-AC8C-5D24AC8957CA}.Development Editor|Win64.ActiveCfg = BuiltWithUnrealBuildTool|Win32
		{39D7032C-D944-4514-AC8C-5D24AC8957CA}.Development Editor|Win64.Build.0 = BuiltWithUnrealBuildTool|Win32
		{39D7032C-D944-4514-AC8C-5D24AC8957CA}.Development|HTML5.ActiveCfg = BuiltWithUnrealBuildTool|Win32
		{39D7032C-D944-4514-AC8C-5D24AC8957CA}.Development|HTML5.Build.0 = BuiltWithUnrealBuildTool|Win32
		{39D7032C-D944-4514-AC8C-5D24AC8957CA}.Development|Win32.ActiveCfg = BuiltWithUnrealBuildTool|Win32
		{39D7032C-D944-4514-AC8C-5D24AC8957CA}.Development|Win32.Build.0 = BuiltWithUnrealBuildTool|Win32
		{39D7032C-D944-4514-AC8C-5D24AC8957CA}.Development|Win64.ActiveCfg = BuiltWithUnrealBuildTool|Win32
		{39D7032C-D944-4514-AC8C-5D24AC8957CA}.Development|Win64.Build.0 = BuiltWithUnrealBuildTool|Win32
		{39D7032C-D944-4514-AC8C-5D24AC8957CA}.Shipping|HTML5.ActiveCfg = BuiltWithUnrealBuildTool|Win32
		{39D7032C-D944-4514-AC8C-5D24AC8957CA}.Shipping|HTML5.Build.0 = BuiltWithUnrealBuildTool|Win32
		{39D7032C-D944-4514-AC8C-5D24AC8957CA}.Shipping|Win32.ActiveCfg = BuiltWithUnrealBuildTool|Win32
		{39D7032C-D944-4514-AC8C-5D24AC8957CA}.Shipping|Win32.Build.0 = BuiltWithUnrealBuildTool|Win32
		{39D7032C-D944-4514-AC8C-5D24AC8957CA}.Shipping|Win64.ActiveCfg = BuiltWithUnrealBuildTool|Win32
		{39D7032C-D944-4514-AC8C-5D24AC8957CA}.Shipping|Win64.Build.0 = BuiltWithUnrealBuildTool|Win32
		{20E58390-0DB2-4320-B601-B11F3417E868}.DebugGame Editor|HTML5.ActiveCfg = HTML5_DebugGame_Editor|Win32
		{20E58390-0DB2-4320-B601-B11F3417E868}.DebugGame Editor|Win32.ActiveCfg = DebugGame_Editor|Win32
		{20E58390-0DB2-4320-B601-B11F3417E868}.DebugGame Editor|Win64.ActiveCfg = DebugGame_Editor|x64
		{20E58390-0DB2-4320-B601-B11F3417E868}.DebugGame Editor|Win64.Build.0 = DebugGame_Editor|x64
		{20E58390-0DB2-4320-B601-B11F3417E868}.DebugGame|HTML5.ActiveCfg = HTML5_DebugGame_Game|Win32
		{20E58390-0DB2-4320-B601-B11F3417E868}.DebugGame|HTML5.Build.0 = HTML5_DebugGame_Game|Win32
		{20E58390-0DB2-4320-B601-B11F3417E868}.DebugGame|Win32.ActiveCfg = DebugGame_Game|Win32
		{20E58390-0DB2-4320-B601-B11F3417E868}.DebugGame|Win32.Build.0 = DebugGame_Game|Win32
		{20E58390-0DB2-4320-B601-B11F3417E868}.DebugGame|Win64.ActiveCfg = DebugGame_Game|x64
		{20E58390-0DB2-4320-B601-B11F3417E868}.DebugGame|Win64.Build.0 = DebugGame_Game|x64
		{20E58390-0DB2-4320-B601-B11F3417E868}.Development Editor|HTML5.ActiveCfg = HTML5_Development_Editor|Win32
		{20E58390-0DB2-4320-B601-B11F3417E868}.Development Editor|Win32.ActiveCfg = Development_Editor|Win32
		{20E58390-0DB2-4320-B601-B11F3417E868}.Development Editor|Win64.ActiveCfg = Development_Editor|x64
		{20E58390-0DB2-4320-B601-B11F3417E868}.Development Editor|Win64.Build.0 = Development_Editor|x64
		{20E58390-0DB2-4320-B601-B11F3417E868}.Development|HTML5.ActiveCfg = HTML5_Development_Game|Win32
		{20E58390-0DB2-4320-B601-B11F3417E868}.Development|HTML5.Build.0 = HTML5_Development_Game|Win32
		{20E58390-0DB2-4320-B601-B11F3417E868}.Development|Win32.ActiveCfg = Development_Game|Win32
		{20E58390-0DB2-4320-B601-B11F3417E868}.Development|Win32.Build.0 = Development_Game|Win32
		{20E58390-0DB2-4320-B601-B11F3417E868}.Development|Win64.ActiveCfg = Development_Game|x64
		{20E58390-0DB2-4320-B601-B11F3417E868}.Development|Win64.Build.0 = Development_Game|x64
		{20E58390-0DB2-4320-B601-B11F3417E868}.Shipping|HTML5.ActiveCfg = HTML5_Shipping_Game|Win32
		{20E58390-0DB2-4320-B601-B11F3417E868}.Shipping|HTML5.Build.0 = HTML5_Shipping_Game|Win32
		{20E58390-0DB2-4320-B601-B11F3417E868}.Shipping|Win32.ActiveCfg = Shipping_Game|Win32
		{20E58390-0DB2-4320-B601-B11F3417E868}.Shipping|Win32.Build.0 = Shipping_Game|Win32
		{20E58390-0DB2-4320-B601-B11F3417E868}.Shipping|Win64.ActiveCfg = Shipping_Game|x64
		{20E58390-0DB2-4320-B601-B11F3417E868}.Shipping|Win64.Build.0 = Shipping_Game|x64
	EndGlobalSection
	GlobalSection(SolutionProperties) = preSolution
		HideSolutionNode = FALSE
	EndGlobalSection
	GlobalSection(NestedProjects) = preSolution
		{39D7032C-D944-4514-AC8C-5D24AC8957CA} = {B05D6BA0-2034-4BB5-A33C-34FCB864546B}
		{20E58390-0DB2-4320-B601-B11F3417E868} = {579B568B-C545-4F5A-BB1B-BD0A5CC35DF0}
	EndGlobalSection
EndGlobal
